// !$*UTF8*$!
{
	archiveVersion = 1;
	classes = {
	};
	objectVersion = 47;
	objects = {

/* Begin PBXBuildFile section */
		5A498D8DDD652E33FDB5C835 /* libPods-Examples.a in Frameworks */ = {isa = PBXBuildFile; fileRef = 41F67747A706BF8AA4A587BC /* libPods-Examples.a */; };
		894544C01BD83628002C3D28 /* BubbleObject.m in Sources */ = {isa = PBXBuildFile; fileRef = 894544BF1BD83628002C3D28 /* BubbleObject.m */; };
		894BB5DE1C0F8577000550A0 /* Launch Screen.storyboard in Resources */ = {isa = PBXBuildFile; fileRef = 894BB5DD1C0F8577000550A0 /* Launch Screen.storyboard */; };
		8965DAD21B4CF007007BEEB4 /* Bubble.m in Sources */ = {isa = PBXBuildFile; fileRef = 8965DAD11B4CF007007BEEB4 /* Bubble.m */; };
		95B084531AA9229D007EA98D /* EstimoteSDK.framework in Frameworks */ = {isa = PBXBuildFile; fileRef = 95D588B51AA70CFB0093D178 /* EstimoteSDK.framework */; };
		AC39C3BE18D72A6F00B38212 /* Foundation.framework in Frameworks */ = {isa = PBXBuildFile; fileRef = AC39C3BD18D72A6F00B38212 /* Foundation.framework */; };
		AC39C3C018D72A6F00B38212 /* CoreGraphics.framework in Frameworks */ = {isa = PBXBuildFile; fileRef = AC39C3BF18D72A6F00B38212 /* CoreGraphics.framework */; };
		AC39C3C218D72A6F00B38212 /* UIKit.framework in Frameworks */ = {isa = PBXBuildFile; fileRef = AC39C3C118D72A6F00B38212 /* UIKit.framework */; };
		AC39C3C818D72A6F00B38212 /* InfoPlist.strings in Resources */ = {isa = PBXBuildFile; fileRef = AC39C3C618D72A6F00B38212 /* InfoPlist.strings */; };
		AC39C3CA18D72A6F00B38212 /* main.m in Sources */ = {isa = PBXBuildFile; fileRef = AC39C3C918D72A6F00B38212 /* main.m */; };
		AC39C3CE18D72A6F00B38212 /* ESTAppDelegate.m in Sources */ = {isa = PBXBuildFile; fileRef = AC39C3CD18D72A6F00B38212 /* ESTAppDelegate.m */; };
		AC39C3D418D72A6F00B38212 /* ESTViewController.m in Sources */ = {isa = PBXBuildFile; fileRef = AC39C3D318D72A6F00B38212 /* ESTViewController.m */; };
		AC39C3D618D72A6F00B38212 /* Images.xcassets in Resources */ = {isa = PBXBuildFile; fileRef = AC39C3D518D72A6F00B38212 /* Images.xcassets */; };
		AC39C3F418D72BA700B38212 /* ESTBeaconTableVC.m in Sources */ = {isa = PBXBuildFile; fileRef = AC39C3F318D72BA700B38212 /* ESTBeaconTableVC.m */; };
		AC39C3F818D7319500B38212 /* SystemConfiguration.framework in Frameworks */ = {isa = PBXBuildFile; fileRef = AC39C3F718D7319500B38212 /* SystemConfiguration.framework */; };
/* End PBXBuildFile section */

/* Begin PBXFileReference section */
		333693032559FF6017DBA5DB /* Pods-Examples.release.xcconfig */ = {isa = PBXFileReference; includeInIndex = 1; lastKnownFileType = text.xcconfig; name = "Pods-Examples.release.xcconfig"; path = "Pods/Target Support Files/Pods-Examples/Pods-Examples.release.xcconfig"; sourceTree = "<group>"; };
		41F67747A706BF8AA4A587BC /* libPods-Examples.a */ = {isa = PBXFileReference; explicitFileType = archive.ar; includeInIndex = 0; path = "libPods-Examples.a"; sourceTree = BUILT_PRODUCTS_DIR; };
		7735495EF4892615622ACB46 /* Pods-Examples.debug.xcconfig */ = {isa = PBXFileReference; includeInIndex = 1; lastKnownFileType = text.xcconfig; name = "Pods-Examples.debug.xcconfig"; path = "Pods/Target Support Files/Pods-Examples/Pods-Examples.debug.xcconfig"; sourceTree = "<group>"; };
		894544BE1BD83628002C3D28 /* BubbleObject.h */ = {isa = PBXFileReference; fileEncoding = 4; lastKnownFileType = sourcecode.c.h; path = BubbleObject.h; sourceTree = "<group>"; };
		894544BF1BD83628002C3D28 /* BubbleObject.m */ = {isa = PBXFileReference; fileEncoding = 4; lastKnownFileType = sourcecode.c.objc; path = BubbleObject.m; sourceTree = "<group>"; };
		894BB5DD1C0F8577000550A0 /* Launch Screen.storyboard */ = {isa = PBXFileReference; fileEncoding = 4; lastKnownFileType = file.storyboard; path = "Launch Screen.storyboard"; sourceTree = "<group>"; };
		8965DAD01B4CF007007BEEB4 /* Bubble.h */ = {isa = PBXFileReference; fileEncoding = 4; lastKnownFileType = sourcecode.c.h; path = Bubble.h; sourceTree = "<group>"; };
		8965DAD11B4CF007007BEEB4 /* Bubble.m */ = {isa = PBXFileReference; fileEncoding = 4; lastKnownFileType = sourcecode.c.objc; path = Bubble.m; sourceTree = "<group>"; };
		95D588B51AA70CFB0093D178 /* EstimoteSDK.framework */ = {isa = PBXFileReference; lastKnownFileType = wrapper.framework; name = EstimoteSDK.framework; path = ../../EstimoteSDK/EstimoteSDK.framework; sourceTree = "<group>"; };
		A154DE5518E0395F00734BD6 /* AdSupport.framework */ = {isa = PBXFileReference; lastKnownFileType = wrapper.framework; name = AdSupport.framework; path = System/Library/Frameworks/AdSupport.framework; sourceTree = SDKROOT; };
		AC39C3BA18D72A6F00B38212 /* Examples.app */ = {isa = PBXFileReference; explicitFileType = wrapper.application; includeInIndex = 0; path = Examples.app; sourceTree = BUILT_PRODUCTS_DIR; };
		AC39C3BD18D72A6F00B38212 /* Foundation.framework */ = {isa = PBXFileReference; lastKnownFileType = wrapper.framework; name = Foundation.framework; path = System/Library/Frameworks/Foundation.framework; sourceTree = SDKROOT; };
		AC39C3BF18D72A6F00B38212 /* CoreGraphics.framework */ = {isa = PBXFileReference; lastKnownFileType = wrapper.framework; name = CoreGraphics.framework; path = System/Library/Frameworks/CoreGraphics.framework; sourceTree = SDKROOT; };
		AC39C3C118D72A6F00B38212 /* UIKit.framework */ = {isa = PBXFileReference; lastKnownFileType = wrapper.framework; name = UIKit.framework; path = System/Library/Frameworks/UIKit.framework; sourceTree = SDKROOT; };
		AC39C3C518D72A6F00B38212 /* Examples-Info.plist */ = {isa = PBXFileReference; lastKnownFileType = text.plist.xml; path = "Examples-Info.plist"; sourceTree = "<group>"; };
		AC39C3C718D72A6F00B38212 /* en */ = {isa = PBXFileReference; lastKnownFileType = text.plist.strings; name = en; path = en.lproj/InfoPlist.strings; sourceTree = "<group>"; };
		AC39C3C918D72A6F00B38212 /* main.m */ = {isa = PBXFileReference; lastKnownFileType = sourcecode.c.objc; path = main.m; sourceTree = "<group>"; };
		AC39C3CB18D72A6F00B38212 /* Examples-Prefix.pch */ = {isa = PBXFileReference; lastKnownFileType = sourcecode.c.h; path = "Examples-Prefix.pch"; sourceTree = "<group>"; };
		AC39C3CC18D72A6F00B38212 /* ESTAppDelegate.h */ = {isa = PBXFileReference; lastKnownFileType = sourcecode.c.h; path = ESTAppDelegate.h; sourceTree = "<group>"; };
		AC39C3CD18D72A6F00B38212 /* ESTAppDelegate.m */ = {isa = PBXFileReference; lastKnownFileType = sourcecode.c.objc; path = ESTAppDelegate.m; sourceTree = "<group>"; };
		AC39C3D218D72A6F00B38212 /* ESTViewController.h */ = {isa = PBXFileReference; lastKnownFileType = sourcecode.c.h; path = ESTViewController.h; sourceTree = "<group>"; };
		AC39C3D318D72A6F00B38212 /* ESTViewController.m */ = {isa = PBXFileReference; lastKnownFileType = sourcecode.c.objc; path = ESTViewController.m; sourceTree = "<group>"; };
		AC39C3D518D72A6F00B38212 /* Images.xcassets */ = {isa = PBXFileReference; lastKnownFileType = folder.assetcatalog; path = Images.xcassets; sourceTree = "<group>"; };
		AC39C3DC18D72A6F00B38212 /* XCTest.framework */ = {isa = PBXFileReference; lastKnownFileType = wrapper.framework; name = XCTest.framework; path = Library/Frameworks/XCTest.framework; sourceTree = DEVELOPER_DIR; };
		AC39C3F218D72BA700B38212 /* ESTBeaconTableVC.h */ = {isa = PBXFileReference; fileEncoding = 4; lastKnownFileType = sourcecode.c.h; path = ESTBeaconTableVC.h; sourceTree = "<group>"; };
		AC39C3F318D72BA700B38212 /* ESTBeaconTableVC.m */ = {isa = PBXFileReference; fileEncoding = 4; lastKnownFileType = sourcecode.c.objc; path = ESTBeaconTableVC.m; sourceTree = "<group>"; };
		AC39C3F718D7319500B38212 /* SystemConfiguration.framework */ = {isa = PBXFileReference; lastKnownFileType = wrapper.framework; name = SystemConfiguration.framework; path = System/Library/Frameworks/SystemConfiguration.framework; sourceTree = SDKROOT; };
/* End PBXFileReference section */

/* Begin PBXFrameworksBuildPhase section */
		AC39C3B718D72A6F00B38212 /* Frameworks */ = {
			isa = PBXFrameworksBuildPhase;
			buildActionMask = 2147483647;
			files = (
				95B084531AA9229D007EA98D /* EstimoteSDK.framework in Frameworks */,
				AC39C3F818D7319500B38212 /* SystemConfiguration.framework in Frameworks */,
				AC39C3C018D72A6F00B38212 /* CoreGraphics.framework in Frameworks */,
				AC39C3C218D72A6F00B38212 /* UIKit.framework in Frameworks */,
				AC39C3BE18D72A6F00B38212 /* Foundation.framework in Frameworks */,
				5A498D8DDD652E33FDB5C835 /* libPods-Examples.a in Frameworks */,
			);
			runOnlyForDeploymentPostprocessing = 0;
		};
/* End PBXFrameworksBuildPhase section */

/* Begin PBXGroup section */
		468E81FD2D0CB4A2D9EB0189 /* Pods */ = {
			isa = PBXGroup;
			children = (
				7735495EF4892615622ACB46 /* Pods-Examples.debug.xcconfig */,
				333693032559FF6017DBA5DB /* Pods-Examples.release.xcconfig */,
			);
			name = Pods;
			sourceTree = "<group>";
		};
		8965DAD31B4CF15D007BEEB4 /* New Group */ = {
			isa = PBXGroup;
			children = (
				894BB5DD1C0F8577000550A0 /* Launch Screen.storyboard */,
				8965DAD01B4CF007007BEEB4 /* Bubble.h */,
				8965DAD11B4CF007007BEEB4 /* Bubble.m */,
				894544BE1BD83628002C3D28 /* BubbleObject.h */,
				894544BF1BD83628002C3D28 /* BubbleObject.m */,
				AC39C3CC18D72A6F00B38212 /* ESTAppDelegate.h */,
				AC39C3CD18D72A6F00B38212 /* ESTAppDelegate.m */,
				AC39C3D218D72A6F00B38212 /* ESTViewController.h */,
				AC39C3D318D72A6F00B38212 /* ESTViewController.m */,
				AC39C3F218D72BA700B38212 /* ESTBeaconTableVC.h */,
				AC39C3F318D72BA700B38212 /* ESTBeaconTableVC.m */,
			);
			name = "New Group";
			sourceTree = "<group>";
		};
		AC39C3B118D72A6F00B38212 = {
			isa = PBXGroup;
			children = (
				AC39C3C318D72A6F00B38212 /* Examples */,
				AC39C3BC18D72A6F00B38212 /* Frameworks */,
				AC39C3BB18D72A6F00B38212 /* Products */,
				468E81FD2D0CB4A2D9EB0189 /* Pods */,
			);
			sourceTree = "<group>";
		};
		AC39C3BB18D72A6F00B38212 /* Products */ = {
			isa = PBXGroup;
			children = (
				AC39C3BA18D72A6F00B38212 /* Examples.app */,
			);
			name = Products;
			sourceTree = "<group>";
		};
		AC39C3BC18D72A6F00B38212 /* Frameworks */ = {
			isa = PBXGroup;
			children = (
				95D588B51AA70CFB0093D178 /* EstimoteSDK.framework */,
				A154DE5518E0395F00734BD6 /* AdSupport.framework */,
				AC39C3F718D7319500B38212 /* SystemConfiguration.framework */,
				AC39C3BD18D72A6F00B38212 /* Foundation.framework */,
				AC39C3BF18D72A6F00B38212 /* CoreGraphics.framework */,
				AC39C3C118D72A6F00B38212 /* UIKit.framework */,
				AC39C3DC18D72A6F00B38212 /* XCTest.framework */,
				41F67747A706BF8AA4A587BC /* libPods-Examples.a */,
			);
			name = Frameworks;
			sourceTree = "<group>";
		};
		AC39C3C318D72A6F00B38212 /* Examples */ = {
			isa = PBXGroup;
			children = (
				8965DAD31B4CF15D007BEEB4 /* New Group */,
				AC39C3D518D72A6F00B38212 /* Images.xcassets */,
				AC39C3C418D72A6F00B38212 /* Supporting Files */,
			);
			path = Examples;
			sourceTree = "<group>";
		};
		AC39C3C418D72A6F00B38212 /* Supporting Files */ = {
			isa = PBXGroup;
			children = (
				AC39C3C518D72A6F00B38212 /* Examples-Info.plist */,
				AC39C3C618D72A6F00B38212 /* InfoPlist.strings */,
				AC39C3C918D72A6F00B38212 /* main.m */,
				AC39C3CB18D72A6F00B38212 /* Examples-Prefix.pch */,
			);
			name = "Supporting Files";
			sourceTree = "<group>";
		};
/* End PBXGroup section */

/* Begin PBXNativeTarget section */
		AC39C3B918D72A6F00B38212 /* Examples */ = {
			isa = PBXNativeTarget;
			buildConfigurationList = AC39C3EC18D72A6F00B38212 /* Build configuration list for PBXNativeTarget "Examples" */;
			buildPhases = (
				F40CB5138B12D71E9E92EB08 /* [CP] Check Pods Manifest.lock */,
				AC39C3B618D72A6F00B38212 /* Sources */,
				AC39C3B718D72A6F00B38212 /* Frameworks */,
				AC39C3B818D72A6F00B38212 /* Resources */,
				D3AB0B0B58AA798EE829EEC2 /* [CP] Embed Pods Frameworks */,
				B3D6C3B3C380A7F788D393EB /* [CP] Copy Pods Resources */,
			);
			buildRules = (
			);
			dependencies = (
			);
			name = Examples;
			productName = Examples;
			productReference = AC39C3BA18D72A6F00B38212 /* Examples.app */;
			productType = "com.apple.product-type.application";
		};
/* End PBXNativeTarget section */

/* Begin PBXProject section */
		AC39C3B218D72A6F00B38212 /* Project object */ = {
			isa = PBXProject;
			attributes = {
				CLASSPREFIX = EST;
				LastUpgradeCheck = 0710;
				ORGANIZATIONNAME = com.estimote;
				TargetAttributes = {
					AC39C3B918D72A6F00B38212 = {
						DevelopmentTeam = H4GT3D9T2Q;
						ProvisioningStyle = Automatic;
						SystemCapabilities = {
							com.apple.BackgroundModes = {
								enabled = 1;
							};
						};
					};
				};
			};
			buildConfigurationList = AC39C3B518D72A6F00B38212 /* Build configuration list for PBXProject "Examples" */;
			compatibilityVersion = "Xcode 6.3";
			developmentRegion = English;
			hasScannedForEncodings = 0;
			knownRegions = (
				en,
				Base,
			);
			mainGroup = AC39C3B118D72A6F00B38212;
			productRefGroup = AC39C3BB18D72A6F00B38212 /* Products */;
			projectDirPath = "";
			projectRoot = "";
			targets = (
				AC39C3B918D72A6F00B38212 /* Examples */,
			);
		};
/* End PBXProject section */

/* Begin PBXResourcesBuildPhase section */
		AC39C3B818D72A6F00B38212 /* Resources */ = {
			isa = PBXResourcesBuildPhase;
			buildActionMask = 2147483647;
			files = (
				894BB5DE1C0F8577000550A0 /* Launch Screen.storyboard in Resources */,
				AC39C3D618D72A6F00B38212 /* Images.xcassets in Resources */,
				AC39C3C818D72A6F00B38212 /* InfoPlist.strings in Resources */,
			);
			runOnlyForDeploymentPostprocessing = 0;
		};
/* End PBXResourcesBuildPhase section */

/* Begin PBXShellScriptBuildPhase section */
		B3D6C3B3C380A7F788D393EB /* [CP] Copy Pods Resources */ = {
			isa = PBXShellScriptBuildPhase;
			buildActionMask = 2147483647;
			files = (
			);
			inputPaths = (
			);
			name = "[CP] Copy Pods Resources";
			outputPaths = (
			);
			runOnlyForDeploymentPostprocessing = 0;
			shellPath = /bin/sh;
			shellScript = "\"${SRCROOT}/Pods/Target Support Files/Pods-Examples/Pods-Examples-resources.sh\"\n";
			showEnvVarsInLog = 0;
		};
		D3AB0B0B58AA798EE829EEC2 /* [CP] Embed Pods Frameworks */ = {
			isa = PBXShellScriptBuildPhase;
			buildActionMask = 2147483647;
			files = (
			);
			inputPaths = (
			);
			name = "[CP] Embed Pods Frameworks";
			outputPaths = (
			);
			runOnlyForDeploymentPostprocessing = 0;
			shellPath = /bin/sh;
			shellScript = "\"${SRCROOT}/Pods/Target Support Files/Pods-Examples/Pods-Examples-frameworks.sh\"\n";
			showEnvVarsInLog = 0;
		};
		F40CB5138B12D71E9E92EB08 /* [CP] Check Pods Manifest.lock */ = {
			isa = PBXShellScriptBuildPhase;
			buildActionMask = 2147483647;
			files = (
			);
			inputPaths = (
				"${PODS_PODFILE_DIR_PATH}/Podfile.lock",
				"${PODS_ROOT}/Manifest.lock",
			);
			name = "[CP] Check Pods Manifest.lock";
			outputPaths = (
				"$(DERIVED_FILE_DIR)/Pods-Examples-checkManifestLockResult.txt",
			);
			runOnlyForDeploymentPostprocessing = 0;
			shellPath = /bin/sh;
			shellScript = "diff \"${PODS_PODFILE_DIR_PATH}/Podfile.lock\" \"${PODS_ROOT}/Manifest.lock\" > /dev/null\nif [ $? != 0 ] ; then\n    # print error to STDERR\n    echo \"error: The sandbox is not in sync with the Podfile.lock. Run 'pod install' or update your CocoaPods installation.\" >&2\n    exit 1\nfi\n# This output is used by Xcode 'outputs' to avoid re-running this script phase.\necho \"SUCCESS\" > \"${SCRIPT_OUTPUT_FILE_0}\"\n";
			showEnvVarsInLog = 0;
		};
/* End PBXShellScriptBuildPhase section */

/* Begin PBXSourcesBuildPhase section */
		AC39C3B618D72A6F00B38212 /* Sources */ = {
			isa = PBXSourcesBuildPhase;
			buildActionMask = 2147483647;
			files = (
				AC39C3CA18D72A6F00B38212 /* main.m in Sources */,
				AC39C3D418D72A6F00B38212 /* ESTViewController.m in Sources */,
				8965DAD21B4CF007007BEEB4 /* Bubble.m in Sources */,
				AC39C3F418D72BA700B38212 /* ESTBeaconTableVC.m in Sources */,
				894544C01BD83628002C3D28 /* BubbleObject.m in Sources */,
				AC39C3CE18D72A6F00B38212 /* ESTAppDelegate.m in Sources */,
			);
			runOnlyForDeploymentPostprocessing = 0;
		};
/* End PBXSourcesBuildPhase section */

/* Begin PBXVariantGroup section */
		AC39C3C618D72A6F00B38212 /* InfoPlist.strings */ = {
			isa = PBXVariantGroup;
			children = (
				AC39C3C718D72A6F00B38212 /* en */,
			);
			name = InfoPlist.strings;
			sourceTree = "<group>";
		};
/* End PBXVariantGroup section */

/* Begin XCBuildConfiguration section */
		AC39C3EA18D72A6F00B38212 /* Debug */ = {
			isa = XCBuildConfiguration;
			buildSettings = {
				ALWAYS_SEARCH_USER_PATHS = NO;
				CLANG_CXX_LANGUAGE_STANDARD = "gnu++0x";
				CLANG_CXX_LIBRARY = "libc++";
				CLANG_ENABLE_MODULES = YES;
				CLANG_ENABLE_OBJC_ARC = YES;
				CLANG_WARN_BOOL_CONVERSION = YES;
				CLANG_WARN_CONSTANT_CONVERSION = YES;
				CLANG_WARN_DIRECT_OBJC_ISA_USAGE = YES_ERROR;
				CLANG_WARN_EMPTY_BODY = YES;
				CLANG_WARN_ENUM_CONVERSION = YES;
				CLANG_WARN_INT_CONVERSION = YES;
				CLANG_WARN_OBJC_ROOT_CLASS = YES_ERROR;
				CLANG_WARN__DUPLICATE_METHOD_MATCH = YES;
				CODE_SIGN_IDENTITY = "iPhone Developer";
				"CODE_SIGN_IDENTITY[sdk=iphoneos*]" = "";
				COPY_PHASE_STRIP = NO;
				ENABLE_TESTABILITY = YES;
				GCC_C_LANGUAGE_STANDARD = gnu99;
				GCC_DYNAMIC_NO_PIC = NO;
				GCC_OPTIMIZATION_LEVEL = 0;
				GCC_PREPROCESSOR_DEFINITIONS = (
					"DEBUG=1",
					"$(inherited)",
				);
				GCC_SYMBOLS_PRIVATE_EXTERN = NO;
				GCC_WARN_64_TO_32_BIT_CONVERSION = YES;
				GCC_WARN_ABOUT_RETURN_TYPE = YES_ERROR;
				GCC_WARN_UNDECLARED_SELECTOR = YES;
				GCC_WARN_UNINITIALIZED_AUTOS = YES_AGGRESSIVE;
				GCC_WARN_UNUSED_FUNCTION = YES;
				GCC_WARN_UNUSED_VARIABLE = YES;
				IPHONEOS_DEPLOYMENT_TARGET = 8.0;
				ONLY_ACTIVE_ARCH = YES;
				PROVISIONING_PROFILE = "02cecf44-c9b1-4340-a5c8-fe6f942632ba";
				SDKROOT = iphoneos;
			};
			name = Debug;
		};
		AC39C3EB18D72A6F00B38212 /* Release */ = {
			isa = XCBuildConfiguration;
			buildSettings = {
				ALWAYS_SEARCH_USER_PATHS = NO;
				CLANG_CXX_LANGUAGE_STANDARD = "gnu++0x";
				CLANG_CXX_LIBRARY = "libc++";
				CLANG_ENABLE_MODULES = YES;
				CLANG_ENABLE_OBJC_ARC = YES;
				CLANG_WARN_BOOL_CONVERSION = YES;
				CLANG_WARN_CONSTANT_CONVERSION = YES;
				CLANG_WARN_DIRECT_OBJC_ISA_USAGE = YES_ERROR;
				CLANG_WARN_EMPTY_BODY = YES;
				CLANG_WARN_ENUM_CONVERSION = YES;
				CLANG_WARN_INT_CONVERSION = YES;
				CLANG_WARN_OBJC_ROOT_CLASS = YES_ERROR;
				CLANG_WARN__DUPLICATE_METHOD_MATCH = YES;
				CODE_SIGN_IDENTITY = "iPhone Distribution: 303Software inc";
				"CODE_SIGN_IDENTITY[sdk=iphoneos*]" = "iPhone Distribution: 303Software inc";
				COPY_PHASE_STRIP = YES;
				ENABLE_NS_ASSERTIONS = NO;
				GCC_C_LANGUAGE_STANDARD = gnu99;
				GCC_WARN_64_TO_32_BIT_CONVERSION = YES;
				GCC_WARN_ABOUT_RETURN_TYPE = YES_ERROR;
				GCC_WARN_UNDECLARED_SELECTOR = YES;
				GCC_WARN_UNINITIALIZED_AUTOS = YES_AGGRESSIVE;
				GCC_WARN_UNUSED_FUNCTION = YES;
				GCC_WARN_UNUSED_VARIABLE = YES;
				IPHONEOS_DEPLOYMENT_TARGET = 8.0;
				PROVISIONING_PROFILE = "02cecf44-c9b1-4340-a5c8-fe6f942632ba";
				SDKROOT = iphoneos;
				VALIDATE_PRODUCT = YES;
			};
			name = Release;
		};
		AC39C3ED18D72A6F00B38212 /* Debug */ = {
			isa = XCBuildConfiguration;
			baseConfigurationReference = 7735495EF4892615622ACB46 /* Pods-Examples.debug.xcconfig */;
			buildSettings = {
				ASSETCATALOG_COMPILER_APPICON_NAME = AppIcon;
				CODE_SIGN_IDENTITY = "iPhone Developer";
				"CODE_SIGN_IDENTITY[sdk=iphoneos*]" = "iPhone Developer";
				CODE_SIGN_STYLE = Automatic;
				DEVELOPMENT_TEAM = H4GT3D9T2Q;
				ENABLE_BITCODE = NO;
				FRAMEWORK_SEARCH_PATHS = (
					"$(inherited)",
					../../EstimoteSDK,
				);
				GCC_PRECOMPILE_PREFIX_HEADER = YES;
				GCC_PREFIX_HEADER = "Examples/Examples-Prefix.pch";
				HEADER_SEARCH_PATHS = (
					"$(inherited)",
					/Applications/Xcode.app/Contents/Developer/Toolchains/XcodeDefault.xctoolchain/usr/include,
				);
				INFOPLIST_FILE = "Examples/Examples-Info.plist";
				IPHONEOS_DEPLOYMENT_TARGET = 8.0;
				LD_RUNPATH_SEARCH_PATHS = "$(inherited) @executable_path/Frameworks";
				LIBRARY_SEARCH_PATHS = "";
				OTHER_LDFLAGS = "";
				PRODUCT_BUNDLE_IDENTIFIER = com.cass.testing;
				PRODUCT_NAME = "$(TARGET_NAME)";
				PROVISIONING_PROFILE = "";
				PROVISIONING_PROFILE_SPECIFIER = "";
				TARGETED_DEVICE_FAMILY = "1,2";
				WRAPPER_EXTENSION = app;
			};
			name = Debug;
		};
		AC39C3EE18D72A6F00B38212 /* Release */ = {
			isa = XCBuildConfiguration;
			baseConfigurationReference = 333693032559FF6017DBA5DB /* Pods-Examples.release.xcconfig */;
			buildSettings = {
				ASSETCATALOG_COMPILER_APPICON_NAME = AppIcon;
				CODE_SIGN_IDENTITY = "iPhone Developer";
				"CODE_SIGN_IDENTITY[sdk=iphoneos*]" = "iPhone Developer";
				CODE_SIGN_STYLE = Automatic;
				DEVELOPMENT_TEAM = H4GT3D9T2Q;
				ENABLE_BITCODE = NO;
				FRAMEWORK_SEARCH_PATHS = (
					"$(inherited)",
					../../EstimoteSDK,
				);
				GCC_PRECOMPILE_PREFIX_HEADER = YES;
				GCC_PREFIX_HEADER = "Examples/Examples-Prefix.pch";
				HEADER_SEARCH_PATHS = (
					"$(inherited)",
					/Applications/Xcode.app/Contents/Developer/Toolchains/XcodeDefault.xctoolchain/usr/include,
				);
				INFOPLIST_FILE = "Examples/Examples-Info.plist";
				IPHONEOS_DEPLOYMENT_TARGET = 8.0;
				LD_RUNPATH_SEARCH_PATHS = "$(inherited) @executable_path/Frameworks";
				LIBRARY_SEARCH_PATHS = "";
				OTHER_LDFLAGS = "";
				PRODUCT_BUNDLE_IDENTIFIER = com.cass.testing;
				PRODUCT_NAME = "$(TARGET_NAME)";
				PROVISIONING_PROFILE = "";
				PROVISIONING_PROFILE_SPECIFIER = "";
				TARGETED_DEVICE_FAMILY = "1,2";
				WRAPPER_EXTENSION = app;
			};
			name = Release;
		};
/* End XCBuildConfiguration section */

/* Begin XCConfigurationList section */
		AC39C3B518D72A6F00B38212 /* Build configuration list for PBXProject "Examples" */ = {
			isa = XCConfigurationList;
			buildConfigurations = (
				AC39C3EA18D72A6F00B38212 /* Debug */,
				AC39C3EB18D72A6F00B38212 /* Release */,
			);
			defaultConfigurationIsVisible = 0;
			defaultConfigurationName = Release;
		};
		AC39C3EC18D72A6F00B38212 /* Build configuration list for PBXNativeTarget "Examples" */ = {
			isa = XCConfigurationList;
			buildConfigurations = (
				AC39C3ED18D72A6F00B38212 /* Debug */,
				AC39C3EE18D72A6F00B38212 /* Release */,
			);
			defaultConfigurationIsVisible = 0;
			defaultConfigurationName = Release;
		};
/* End XCConfigurationList section */
	};
	rootObject = AC39C3B218D72A6F00B38212 /* Project object */;
}
